
Microsoft Visual Studio Solution File, Format Version 12.00
# Visual Studio Version 17
VisualStudioVersion = 17.10.35122.118
MinimumVisualStudioVersion = 10.0.40219.1
Project("{FAE04EC0-301F-11D3-BF4B-00C04F79EFBC}") = "Gestiondeclinicas", "Gestiondeclinicas.csproj", "{8F3FAED7-36D3-4881-B4ED-9F4A1EE1E3B1}"
EndProject
Global
	GlobalSection(SolutionConfigurationPlatforms) = preSolution
		Debug|Any CPU = Debug|Any CPU
		Release|Any CPU = Release|Any CPU
	EndGlobalSection
	GlobalSection(ProjectConfigurationPlatforms) = postSolution
		{8F3FAED7-36D3-4881-B4ED-9F4A1EE1E3B1}.Debug|Any CPU.ActiveCfg = Debug|Any CPU
		{8F3FAED7-36D3-4881-B4ED-9F4A1EE1E3B1}.Debug|Any CPU.Build.0 = Debug|Any CPU
		{8F3FAED7-36D3-4881-B4ED-9F4A1EE1E3B1}.Release|Any CPU.ActiveCfg = Release|Any CPU
		{8F3FAED7-36D3-4881-B4ED-9F4A1EE1E3B1}.Release|Any CPU.Build.0 = Release|Any CPU
	EndGlobalSection
	GlobalSection(SolutionProperties) = preSolution
		HideSolutionNode = FALSE
	EndGlobalSection
	GlobalSection(ExtensibilityGlobals) = postSolution
		SolutionGuid = {6F6E7568-FF5D-4F2B-9B64-C5CD07623269}
	EndGlobalSection
EndGlobal
